// !$*UTF8*$!
{
	archiveVersion = 1;
	classes = {
	};
	objectVersion = 51;
	objects = {

/* Begin PBXBuildFile section */
		153A62632476E9A0009D42B6 /* MovieAPI.swift in Sources */ = {isa = PBXBuildFile; fileRef = 153A62622476E9A0009D42B6 /* MovieAPI.swift */; };
		153A62662476EA16009D42B6 /* UIImageView+Extensions.swift in Sources */ = {isa = PBXBuildFile; fileRef = 153A62652476EA16009D42B6 /* UIImageView+Extensions.swift */; };
		153A62682477455C009D42B6 /* Section.swift in Sources */ = {isa = PBXBuildFile; fileRef = 153A62672477455C009D42B6 /* Section.swift */; };
		153A626A2478538D009D42B6 /* UIViewController+Extensions.swift in Sources */ = {isa = PBXBuildFile; fileRef = 153A62692478538D009D42B6 /* UIViewController+Extensions.swift */; };
		153A626C24789276009D42B6 /* UIColor+Extensions.swift in Sources */ = {isa = PBXBuildFile; fileRef = 153A626B24789276009D42B6 /* UIColor+Extensions.swift */; };
		155564B224734FCD007863FE /* MovieCollectionViewCell.swift in Sources */ = {isa = PBXBuildFile; fileRef = 155564B124734FCD007863FE /* MovieCollectionViewCell.swift */; };
		156273372474BB6400656B5E /* MovieListInteractor.swift in Sources */ = {isa = PBXBuildFile; fileRef = 156273362474BB6400656B5E /* MovieListInteractor.swift */; };
		156273392474BC3500656B5E /* MovieListPresenter.swift in Sources */ = {isa = PBXBuildFile; fileRef = 156273382474BC3500656B5E /* MovieListPresenter.swift */; };
		1562733B2474BC7C00656B5E /* MovieListRouter.swift in Sources */ = {isa = PBXBuildFile; fileRef = 1562733A2474BC7C00656B5E /* MovieListRouter.swift */; };
		1562733D2474BD7F00656B5E /* MovieListBuilder.swift in Sources */ = {isa = PBXBuildFile; fileRef = 1562733C2474BD7E00656B5E /* MovieListBuilder.swift */; };
		157D53DF2460F3E100CA72F9 /* MovieListWorker.swift in Sources */ = {isa = PBXBuildFile; fileRef = 157D53DE2460F3E100CA72F9 /* MovieListWorker.swift */; };
		157D53E42460FBE600CA72F9 /* Network.swift in Sources */ = {isa = PBXBuildFile; fileRef = 157D53E32460FBE600CA72F9 /* Network.swift */; };
		157D53E9246106FB00CA72F9 /* Movie.swift in Sources */ = {isa = PBXBuildFile; fileRef = 157D53E8246106FB00CA72F9 /* Movie.swift */; };
		157D53EC2461AB8F00CA72F9 /* MoviesListResponse.swift in Sources */ = {isa = PBXBuildFile; fileRef = 157D53EB2461AB8F00CA72F9 /* MoviesListResponse.swift */; };
		158795A9248C75F1002B796C /* UIScoreView.swift in Sources */ = {isa = PBXBuildFile; fileRef = 158795A8248C75F1002B796C /* UIScoreView.swift */; };
		158795AB248C7A21002B796C /* ScoreSorter.swift in Sources */ = {isa = PBXBuildFile; fileRef = 158795AA248C7A21002B796C /* ScoreSorter.swift */; };
		15C58EEB247F458000E5958D /* MovieDetailsViewController.swift in Sources */ = {isa = PBXBuildFile; fileRef = 15C58EEA247F458000E5958D /* MovieDetailsViewController.swift */; };
		15DA06D12479CD4B000DFE3E /* UICardView.swift in Sources */ = {isa = PBXBuildFile; fileRef = 15DA06D02479CD4B000DFE3E /* UICardView.swift */; };
		15DA06D8247CCC53000DFE3E /* Localizable.strings in Resources */ = {isa = PBXBuildFile; fileRef = 15DA06DA247CCC53000DFE3E /* Localizable.strings */; };
		15DA06DD247D5669000DFE3E /* R+Extensions.swift in Sources */ = {isa = PBXBuildFile; fileRef = 15DA06DC247D5669000DFE3E /* R+Extensions.swift */; };
		15E2D34824720AED001055FA /* DefaultDecoder.swift in Sources */ = {isa = PBXBuildFile; fileRef = 15E2D34724720AED001055FA /* DefaultDecoder.swift */; };
		15E2D34A247229CB001055FA /* RequestData.swift in Sources */ = {isa = PBXBuildFile; fileRef = 15E2D349247229CB001055FA /* RequestData.swift */; };
		15E2D34F2472F4AA001055FA /* SnakeCaseDecoder.swift in Sources */ = {isa = PBXBuildFile; fileRef = 15E2D34E2472F4AA001055FA /* SnakeCaseDecoder.swift */; };
		15E588692441421100E8576F /* AppDelegate.swift in Sources */ = {isa = PBXBuildFile; fileRef = 15E588682441421100E8576F /* AppDelegate.swift */; };
		15E5886B2441421100E8576F /* SceneDelegate.swift in Sources */ = {isa = PBXBuildFile; fileRef = 15E5886A2441421100E8576F /* SceneDelegate.swift */; };
		15E5886D2441421100E8576F /* MovieListViewController.swift in Sources */ = {isa = PBXBuildFile; fileRef = 15E5886C2441421100E8576F /* MovieListViewController.swift */; };
		15E588702441421100E8576F /* Main.storyboard in Resources */ = {isa = PBXBuildFile; fileRef = 15E5886E2441421100E8576F /* Main.storyboard */; };
		15E588722441421200E8576F /* Assets.xcassets in Resources */ = {isa = PBXBuildFile; fileRef = 15E588712441421200E8576F /* Assets.xcassets */; };
		15E588752441421200E8576F /* LaunchScreen.storyboard in Resources */ = {isa = PBXBuildFile; fileRef = 15E588732441421200E8576F /* LaunchScreen.storyboard */; };
		15E588802441421200E8576F /* TMDBTests.swift in Sources */ = {isa = PBXBuildFile; fileRef = 15E5887F2441421200E8576F /* TMDBTests.swift */; };
		15E588942441501500E8576F /* R.generated.swift in Sources */ = {isa = PBXBuildFile; fileRef = 15E588932441501500E8576F /* R.generated.swift */; };
		15F23BB52489DE4D00876772 /* UIScoreViewStyle.swift in Sources */ = {isa = PBXBuildFile; fileRef = 15F23BB42489DE4D00876772 /* UIScoreViewStyle.swift */; };
		15F23BB72489DFEB00876772 /* Green.swift in Sources */ = {isa = PBXBuildFile; fileRef = 15F23BB62489DFEB00876772 /* Green.swift */; };
		15F23BBA2489E0C800876772 /* Yellow.swift in Sources */ = {isa = PBXBuildFile; fileRef = 15F23BB92489E0C800876772 /* Yellow.swift */; };
		15F23BBC2489E11600876772 /* Red.swift in Sources */ = {isa = PBXBuildFile; fileRef = 15F23BBB2489E11600876772 /* Red.swift */; };
		15F23BBE2489F17C00876772 /* Default.swift in Sources */ = {isa = PBXBuildFile; fileRef = 15F23BBD2489F17C00876772 /* Default.swift */; };
		15FE19DC24856E560016F830 /* String+Extensions.swift in Sources */ = {isa = PBXBuildFile; fileRef = 15FE19DB24856E560016F830 /* String+Extensions.swift */; };
		15FE19DE248571060016F830 /* Date+Extensions.swift in Sources */ = {isa = PBXBuildFile; fileRef = 15FE19DD248571060016F830 /* Date+Extensions.swift */; };
		6374EF3906BAEA03DB9F03BF /* Pods_TMDBTests.framework in Frameworks */ = {isa = PBXBuildFile; fileRef = 852EA9516139223DA1E3F4C4 /* Pods_TMDBTests.framework */; };
		92D3F7EC64E3EE2AFE3235B2 /* Pods_TMDB.framework in Frameworks */ = {isa = PBXBuildFile; fileRef = 791925DA6E1BAFF8162744C5 /* Pods_TMDB.framework */; };
/* End PBXBuildFile section */

/* Begin PBXContainerItemProxy section */
		15E5887C2441421200E8576F /* PBXContainerItemProxy */ = {
			isa = PBXContainerItemProxy;
			containerPortal = 15E5885D2441421100E8576F /* Project object */;
			proxyType = 1;
			remoteGlobalIDString = 15E588642441421100E8576F;
			remoteInfo = TMDB;
		};
/* End PBXContainerItemProxy section */

/* Begin PBXFileReference section */
		153A62622476E9A0009D42B6 /* MovieAPI.swift */ = {isa = PBXFileReference; fileEncoding = 4; lastKnownFileType = sourcecode.swift; path = MovieAPI.swift; sourceTree = "<group>"; };
		153A62652476EA16009D42B6 /* UIImageView+Extensions.swift */ = {isa = PBXFileReference; fileEncoding = 4; lastKnownFileType = sourcecode.swift; path = "UIImageView+Extensions.swift"; sourceTree = "<group>"; };
		153A62672477455C009D42B6 /* Section.swift */ = {isa = PBXFileReference; lastKnownFileType = sourcecode.swift; path = Section.swift; sourceTree = "<group>"; };
		153A62692478538D009D42B6 /* UIViewController+Extensions.swift */ = {isa = PBXFileReference; lastKnownFileType = sourcecode.swift; path = "UIViewController+Extensions.swift"; sourceTree = "<group>"; };
		153A626B24789276009D42B6 /* UIColor+Extensions.swift */ = {isa = PBXFileReference; lastKnownFileType = sourcecode.swift; path = "UIColor+Extensions.swift"; sourceTree = "<group>"; };
		155564B124734FCD007863FE /* MovieCollectionViewCell.swift */ = {isa = PBXFileReference; lastKnownFileType = sourcecode.swift; path = MovieCollectionViewCell.swift; sourceTree = "<group>"; };
		156273362474BB6400656B5E /* MovieListInteractor.swift */ = {isa = PBXFileReference; lastKnownFileType = sourcecode.swift; path = MovieListInteractor.swift; sourceTree = "<group>"; };
		156273382474BC3500656B5E /* MovieListPresenter.swift */ = {isa = PBXFileReference; lastKnownFileType = sourcecode.swift; path = MovieListPresenter.swift; sourceTree = "<group>"; };
		1562733A2474BC7C00656B5E /* MovieListRouter.swift */ = {isa = PBXFileReference; lastKnownFileType = sourcecode.swift; path = MovieListRouter.swift; sourceTree = "<group>"; };
		1562733C2474BD7E00656B5E /* MovieListBuilder.swift */ = {isa = PBXFileReference; lastKnownFileType = sourcecode.swift; path = MovieListBuilder.swift; sourceTree = "<group>"; };
		157D53DE2460F3E100CA72F9 /* MovieListWorker.swift */ = {isa = PBXFileReference; lastKnownFileType = sourcecode.swift; path = MovieListWorker.swift; sourceTree = "<group>"; };
		157D53E32460FBE600CA72F9 /* Network.swift */ = {isa = PBXFileReference; lastKnownFileType = sourcecode.swift; path = Network.swift; sourceTree = "<group>"; };
		157D53E8246106FB00CA72F9 /* Movie.swift */ = {isa = PBXFileReference; lastKnownFileType = sourcecode.swift; path = Movie.swift; sourceTree = "<group>"; };
		157D53EB2461AB8F00CA72F9 /* MoviesListResponse.swift */ = {isa = PBXFileReference; lastKnownFileType = sourcecode.swift; path = MoviesListResponse.swift; sourceTree = "<group>"; };
		158795A8248C75F1002B796C /* UIScoreView.swift */ = {isa = PBXFileReference; lastKnownFileType = sourcecode.swift; path = UIScoreView.swift; sourceTree = "<group>"; };
		158795AA248C7A21002B796C /* ScoreSorter.swift */ = {isa = PBXFileReference; lastKnownFileType = sourcecode.swift; path = ScoreSorter.swift; sourceTree = "<group>"; };
		15C58EEA247F458000E5958D /* MovieDetailsViewController.swift */ = {isa = PBXFileReference; lastKnownFileType = sourcecode.swift; path = MovieDetailsViewController.swift; sourceTree = "<group>"; };
		15DA06D02479CD4B000DFE3E /* UICardView.swift */ = {isa = PBXFileReference; lastKnownFileType = sourcecode.swift; path = UICardView.swift; sourceTree = "<group>"; };
		15DA06D9247CCC53000DFE3E /* en */ = {isa = PBXFileReference; lastKnownFileType = text.plist.strings; name = en; path = en.lproj/Localizable.strings; sourceTree = "<group>"; };
		15DA06DB247CCC77000DFE3E /* pt-BR */ = {isa = PBXFileReference; lastKnownFileType = text.plist.strings; name = "pt-BR"; path = "pt-BR.lproj/Localizable.strings"; sourceTree = "<group>"; };
		15DA06DC247D5669000DFE3E /* R+Extensions.swift */ = {isa = PBXFileReference; lastKnownFileType = sourcecode.swift; path = "R+Extensions.swift"; sourceTree = "<group>"; };
		15E2D34724720AED001055FA /* DefaultDecoder.swift */ = {isa = PBXFileReference; lastKnownFileType = sourcecode.swift; path = DefaultDecoder.swift; sourceTree = "<group>"; };
		15E2D349247229CB001055FA /* RequestData.swift */ = {isa = PBXFileReference; lastKnownFileType = sourcecode.swift; path = RequestData.swift; sourceTree = "<group>"; };
		15E2D34E2472F4AA001055FA /* SnakeCaseDecoder.swift */ = {isa = PBXFileReference; lastKnownFileType = sourcecode.swift; path = SnakeCaseDecoder.swift; sourceTree = "<group>"; };
		15E588652441421100E8576F /* TMDB.app */ = {isa = PBXFileReference; explicitFileType = wrapper.application; includeInIndex = 0; path = TMDB.app; sourceTree = BUILT_PRODUCTS_DIR; };
		15E588682441421100E8576F /* AppDelegate.swift */ = {isa = PBXFileReference; lastKnownFileType = sourcecode.swift; path = AppDelegate.swift; sourceTree = "<group>"; };
		15E5886A2441421100E8576F /* SceneDelegate.swift */ = {isa = PBXFileReference; lastKnownFileType = sourcecode.swift; path = SceneDelegate.swift; sourceTree = "<group>"; };
		15E5886C2441421100E8576F /* MovieListViewController.swift */ = {isa = PBXFileReference; lastKnownFileType = sourcecode.swift; path = MovieListViewController.swift; sourceTree = "<group>"; };
		15E5886F2441421100E8576F /* Base */ = {isa = PBXFileReference; lastKnownFileType = file.storyboard; name = Base; path = Base.lproj/Main.storyboard; sourceTree = "<group>"; };
		15E588712441421200E8576F /* Assets.xcassets */ = {isa = PBXFileReference; lastKnownFileType = folder.assetcatalog; path = Assets.xcassets; sourceTree = "<group>"; };
		15E588742441421200E8576F /* Base */ = {isa = PBXFileReference; lastKnownFileType = file.storyboard; name = Base; path = Base.lproj/LaunchScreen.storyboard; sourceTree = "<group>"; };
		15E588762441421200E8576F /* Info.plist */ = {isa = PBXFileReference; lastKnownFileType = text.plist.xml; path = Info.plist; sourceTree = "<group>"; };
		15E5887B2441421200E8576F /* TMDBTests.xctest */ = {isa = PBXFileReference; explicitFileType = wrapper.cfbundle; includeInIndex = 0; path = TMDBTests.xctest; sourceTree = BUILT_PRODUCTS_DIR; };
		15E5887F2441421200E8576F /* TMDBTests.swift */ = {isa = PBXFileReference; lastKnownFileType = sourcecode.swift; path = TMDBTests.swift; sourceTree = "<group>"; };
		15E588812441421200E8576F /* Info.plist */ = {isa = PBXFileReference; lastKnownFileType = text.plist.xml; path = Info.plist; sourceTree = "<group>"; };
		15E588932441501500E8576F /* R.generated.swift */ = {isa = PBXFileReference; fileEncoding = 4; lastKnownFileType = sourcecode.swift; path = R.generated.swift; sourceTree = "<group>"; };
		15F23BB42489DE4D00876772 /* UIScoreViewStyle.swift */ = {isa = PBXFileReference; lastKnownFileType = sourcecode.swift; path = UIScoreViewStyle.swift; sourceTree = "<group>"; };
		15F23BB62489DFEB00876772 /* Green.swift */ = {isa = PBXFileReference; lastKnownFileType = sourcecode.swift; path = Green.swift; sourceTree = "<group>"; };
		15F23BB92489E0C800876772 /* Yellow.swift */ = {isa = PBXFileReference; lastKnownFileType = sourcecode.swift; path = Yellow.swift; sourceTree = "<group>"; };
		15F23BBB2489E11600876772 /* Red.swift */ = {isa = PBXFileReference; lastKnownFileType = sourcecode.swift; path = Red.swift; sourceTree = "<group>"; };
		15F23BBD2489F17C00876772 /* Default.swift */ = {isa = PBXFileReference; lastKnownFileType = sourcecode.swift; path = Default.swift; sourceTree = "<group>"; };
		15FE19DB24856E560016F830 /* String+Extensions.swift */ = {isa = PBXFileReference; lastKnownFileType = sourcecode.swift; path = "String+Extensions.swift"; sourceTree = "<group>"; };
		15FE19DD248571060016F830 /* Date+Extensions.swift */ = {isa = PBXFileReference; lastKnownFileType = sourcecode.swift; path = "Date+Extensions.swift"; sourceTree = "<group>"; };
		165FBF11E00408854C11A2A3 /* Pods-TMDB.debug.xcconfig */ = {isa = PBXFileReference; includeInIndex = 1; lastKnownFileType = text.xcconfig; name = "Pods-TMDB.debug.xcconfig"; path = "Target Support Files/Pods-TMDB/Pods-TMDB.debug.xcconfig"; sourceTree = "<group>"; };
		791925DA6E1BAFF8162744C5 /* Pods_TMDB.framework */ = {isa = PBXFileReference; explicitFileType = wrapper.framework; includeInIndex = 0; path = Pods_TMDB.framework; sourceTree = BUILT_PRODUCTS_DIR; };
		852EA9516139223DA1E3F4C4 /* Pods_TMDBTests.framework */ = {isa = PBXFileReference; explicitFileType = wrapper.framework; includeInIndex = 0; path = Pods_TMDBTests.framework; sourceTree = BUILT_PRODUCTS_DIR; };
		C1A10E70A36C07EAD7985E08 /* Pods-TMDB.release.xcconfig */ = {isa = PBXFileReference; includeInIndex = 1; lastKnownFileType = text.xcconfig; name = "Pods-TMDB.release.xcconfig"; path = "Target Support Files/Pods-TMDB/Pods-TMDB.release.xcconfig"; sourceTree = "<group>"; };
		CED0CF1AB7B75CAFFD116C1E /* Pods-TMDBTests.debug.xcconfig */ = {isa = PBXFileReference; includeInIndex = 1; lastKnownFileType = text.xcconfig; name = "Pods-TMDBTests.debug.xcconfig"; path = "Target Support Files/Pods-TMDBTests/Pods-TMDBTests.debug.xcconfig"; sourceTree = "<group>"; };
		F230AB00C5C94B0709BB91B0 /* Pods-TMDBTests.release.xcconfig */ = {isa = PBXFileReference; includeInIndex = 1; lastKnownFileType = text.xcconfig; name = "Pods-TMDBTests.release.xcconfig"; path = "Target Support Files/Pods-TMDBTests/Pods-TMDBTests.release.xcconfig"; sourceTree = "<group>"; };
/* End PBXFileReference section */

/* Begin PBXFrameworksBuildPhase section */
		15E588622441421100E8576F /* Frameworks */ = {
			isa = PBXFrameworksBuildPhase;
			buildActionMask = 2147483647;
			files = (
				92D3F7EC64E3EE2AFE3235B2 /* Pods_TMDB.framework in Frameworks */,
			);
			runOnlyForDeploymentPostprocessing = 0;
		};
		15E588782441421200E8576F /* Frameworks */ = {
			isa = PBXFrameworksBuildPhase;
			buildActionMask = 2147483647;
			files = (
				6374EF3906BAEA03DB9F03BF /* Pods_TMDBTests.framework in Frameworks */,
			);
			runOnlyForDeploymentPostprocessing = 0;
		};
/* End PBXFrameworksBuildPhase section */

/* Begin PBXGroup section */
		153A62642476EA16009D42B6 /* Extensions */ = {
			isa = PBXGroup;
			children = (
				15FE19DD248571060016F830 /* Date+Extensions.swift */,
				15DA06DC247D5669000DFE3E /* R+Extensions.swift */,
				15FE19DB24856E560016F830 /* String+Extensions.swift */,
				153A626B24789276009D42B6 /* UIColor+Extensions.swift */,
				153A62652476EA16009D42B6 /* UIImageView+Extensions.swift */,
				153A62692478538D009D42B6 /* UIViewController+Extensions.swift */,
			);
			path = Extensions;
			sourceTree = "<group>";
		};
		156273352474BB3C00656B5E /* Cells */ = {
			isa = PBXGroup;
			children = (
				155564B124734FCD007863FE /* MovieCollectionViewCell.swift */,
			);
			path = Cells;
			sourceTree = "<group>";
		};
		157D53DD2460F3B400CA72F9 /* Workers */ = {
			isa = PBXGroup;
			children = (
				157D53EA2461AB5F00CA72F9 /* MovieList */,
			);
			path = Workers;
			sourceTree = "<group>";
		};
		157D53E02460F48100CA72F9 /* Networking */ = {
			isa = PBXGroup;
			children = (
				153A62622476E9A0009D42B6 /* MovieAPI.swift */,
				157D53E32460FBE600CA72F9 /* Network.swift */,
				15E2D349247229CB001055FA /* RequestData.swift */,
			);
			path = Networking;
			sourceTree = "<group>";
		};
		157D53E12460F49700CA72F9 /* Features */ = {
			isa = PBXGroup;
			children = (
				15C58EE9247F44E900E5958D /* MovieDetails */,
				157D53E22460F4A400CA72F9 /* MovieList */,
			);
			path = Features;
			sourceTree = "<group>";
		};
		157D53E22460F4A400CA72F9 /* MovieList */ = {
			isa = PBXGroup;
			children = (
				156273352474BB3C00656B5E /* Cells */,
				15E5886C2441421100E8576F /* MovieListViewController.swift */,
				156273362474BB6400656B5E /* MovieListInteractor.swift */,
				156273382474BC3500656B5E /* MovieListPresenter.swift */,
				1562733A2474BC7C00656B5E /* MovieListRouter.swift */,
				1562733C2474BD7E00656B5E /* MovieListBuilder.swift */,
			);
			path = MovieList;
			sourceTree = "<group>";
		};
		157D53E7246106E900CA72F9 /* Model */ = {
			isa = PBXGroup;
			children = (
				157D53E8246106FB00CA72F9 /* Movie.swift */,
			);
			path = Model;
			sourceTree = "<group>";
		};
		157D53EA2461AB5F00CA72F9 /* MovieList */ = {
			isa = PBXGroup;
			children = (
				157D53EB2461AB8F00CA72F9 /* MoviesListResponse.swift */,
				157D53DE2460F3E100CA72F9 /* MovieListWorker.swift */,
				153A62672477455C009D42B6 /* Section.swift */,
			);
			path = MovieList;
			sourceTree = "<group>";
		};
		15C58EE9247F44E900E5958D /* MovieDetails */ = {
			isa = PBXGroup;
			children = (
				158795AA248C7A21002B796C /* ScoreSorter.swift */,
				15C58EEA247F458000E5958D /* MovieDetailsViewController.swift */,
			);
			path = MovieDetails;
			sourceTree = "<group>";
		};
		15DA06CF2479CD07000DFE3E /* Components */ = {
			isa = PBXGroup;
			children = (
				15F23BBF2489FAD100876772 /* UICardView */,
				15F23BB32489DA4100876772 /* UIScoreView */,
			);
			path = Components;
			sourceTree = "<group>";
		};
		15E2D34D2472F48D001055FA /* Decoding */ = {
			isa = PBXGroup;
			children = (
				15E2D34724720AED001055FA /* DefaultDecoder.swift */,
				15E2D34E2472F4AA001055FA /* SnakeCaseDecoder.swift */,
			);
			path = Decoding;
			sourceTree = "<group>";
		};
		15E2D3502472F83A001055FA /* Utils */ = {
			isa = PBXGroup;
			children = (
				15E2D34D2472F48D001055FA /* Decoding */,
			);
			path = Utils;
			sourceTree = "<group>";
		};
		15E5885C2441421100E8576F = {
			isa = PBXGroup;
			children = (
				15E588672441421100E8576F /* TMDB */,
				15E5887E2441421200E8576F /* TMDBTests */,
				15E588662441421100E8576F /* Products */,
				45F15FC666A01854691F105E /* Pods */,
				F3BEA5E6928655922AE520A6 /* Frameworks */,
			);
			sourceTree = "<group>";
		};
		15E588662441421100E8576F /* Products */ = {
			isa = PBXGroup;
			children = (
				15E588652441421100E8576F /* TMDB.app */,
				15E5887B2441421200E8576F /* TMDBTests.xctest */,
			);
			name = Products;
			sourceTree = "<group>";
		};
		15E588672441421100E8576F /* TMDB */ = {
			isa = PBXGroup;
			children = (
				15E5888B2441423E00E8576F /* Source */,
				15E5888D2441426900E8576F /* Storyboards */,
				15E5888C2441424F00E8576F /* Resources */,
				15E5888A2441421E00E8576F /* SupportFiles */,
			);
			path = TMDB;
			sourceTree = "<group>";
		};
		15E5887E2441421200E8576F /* TMDBTests */ = {
			isa = PBXGroup;
			children = (
				15E5887F2441421200E8576F /* TMDBTests.swift */,
				15E588812441421200E8576F /* Info.plist */,
			);
			path = TMDBTests;
			sourceTree = "<group>";
		};
		15E5888A2441421E00E8576F /* SupportFiles */ = {
			isa = PBXGroup;
			children = (
				15E588682441421100E8576F /* AppDelegate.swift */,
				15E5886A2441421100E8576F /* SceneDelegate.swift */,
				15E588762441421200E8576F /* Info.plist */,
				15E588732441421200E8576F /* LaunchScreen.storyboard */,
			);
			path = SupportFiles;
			sourceTree = "<group>";
		};
		15E5888B2441423E00E8576F /* Source */ = {
			isa = PBXGroup;
			children = (
				15DA06CF2479CD07000DFE3E /* Components */,
				153A62642476EA16009D42B6 /* Extensions */,
				157D53E7246106E900CA72F9 /* Model */,
				157D53E12460F49700CA72F9 /* Features */,
				157D53E02460F48100CA72F9 /* Networking */,
				157D53DD2460F3B400CA72F9 /* Workers */,
				15E2D3502472F83A001055FA /* Utils */,
			);
			path = Source;
			sourceTree = "<group>";
		};
		15E5888C2441424F00E8576F /* Resources */ = {
			isa = PBXGroup;
			children = (
				15E588712441421200E8576F /* Assets.xcassets */,
				15E588932441501500E8576F /* R.generated.swift */,
				15DA06DA247CCC53000DFE3E /* Localizable.strings */,
			);
			path = Resources;
			sourceTree = "<group>";
		};
		15E5888D2441426900E8576F /* Storyboards */ = {
			isa = PBXGroup;
			children = (
				15E5886E2441421100E8576F /* Main.storyboard */,
			);
			path = Storyboards;
			sourceTree = "<group>";
		};
		15F23BB32489DA4100876772 /* UIScoreView */ = {
			isa = PBXGroup;
			children = (
				15F23BB82489E05200876772 /* Styles */,
				158795A8248C75F1002B796C /* UIScoreView.swift */,
			);
			path = UIScoreView;
			sourceTree = "<group>";
		};
		15F23BB82489E05200876772 /* Styles */ = {
			isa = PBXGroup;
			children = (
				15F23BBD2489F17C00876772 /* Default.swift */,
				15F23BB62489DFEB00876772 /* Green.swift */,
				15F23BBB2489E11600876772 /* Red.swift */,
				15F23BB92489E0C800876772 /* Yellow.swift */,
				15F23BB42489DE4D00876772 /* UIScoreViewStyle.swift */,
			);
			path = Styles;
			sourceTree = "<group>";
		};
		15F23BBF2489FAD100876772 /* UICardView */ = {
			isa = PBXGroup;
			children = (
				15DA06D02479CD4B000DFE3E /* UICardView.swift */,
			);
			path = UICardView;
			sourceTree = "<group>";
		};
		45F15FC666A01854691F105E /* Pods */ = {
			isa = PBXGroup;
			children = (
				165FBF11E00408854C11A2A3 /* Pods-TMDB.debug.xcconfig */,
				C1A10E70A36C07EAD7985E08 /* Pods-TMDB.release.xcconfig */,
				CED0CF1AB7B75CAFFD116C1E /* Pods-TMDBTests.debug.xcconfig */,
				F230AB00C5C94B0709BB91B0 /* Pods-TMDBTests.release.xcconfig */,
			);
			path = Pods;
			sourceTree = "<group>";
		};
		F3BEA5E6928655922AE520A6 /* Frameworks */ = {
			isa = PBXGroup;
			children = (
				791925DA6E1BAFF8162744C5 /* Pods_TMDB.framework */,
				852EA9516139223DA1E3F4C4 /* Pods_TMDBTests.framework */,
			);
			name = Frameworks;
			sourceTree = "<group>";
		};
/* End PBXGroup section */

/* Begin PBXNativeTarget section */
		15E588642441421100E8576F /* TMDB */ = {
			isa = PBXNativeTarget;
			buildConfigurationList = 15E588842441421200E8576F /* Build configuration list for PBXNativeTarget "TMDB" */;
			buildPhases = (
				430460FBC65F0638B3C82334 /* [CP] Check Pods Manifest.lock */,
				15E5888F2441465400E8576F /* R.swift Script */,
				15E588612441421100E8576F /* Sources */,
				15E588622441421100E8576F /* Frameworks */,
				15E588632441421100E8576F /* Resources */,
				15E588902441493400E8576F /* Swift Lint Script */,
				FFF6FE947E734D436D47944B /* [CP] Embed Pods Frameworks */,
			);
			buildRules = (
			);
			dependencies = (
			);
			name = TMDB;
			productName = TMDB;
			productReference = 15E588652441421100E8576F /* TMDB.app */;
			productType = "com.apple.product-type.application";
		};
		15E5887A2441421200E8576F /* TMDBTests */ = {
			isa = PBXNativeTarget;
			buildConfigurationList = 15E588872441421200E8576F /* Build configuration list for PBXNativeTarget "TMDBTests" */;
			buildPhases = (
				5F0C3AC9FC0CF08AA0AA041E /* [CP] Check Pods Manifest.lock */,
				15E588772441421200E8576F /* Sources */,
				15E588782441421200E8576F /* Frameworks */,
				15E588792441421200E8576F /* Resources */,
			);
			buildRules = (
			);
			dependencies = (
				15E5887D2441421200E8576F /* PBXTargetDependency */,
			);
			name = TMDBTests;
			productName = TMDBTests;
			productReference = 15E5887B2441421200E8576F /* TMDBTests.xctest */;
			productType = "com.apple.product-type.bundle.unit-test";
		};
/* End PBXNativeTarget section */

/* Begin PBXProject section */
		15E5885D2441421100E8576F /* Project object */ = {
			isa = PBXProject;
			attributes = {
				LastSwiftUpdateCheck = 1140;
				LastUpgradeCheck = 1140;
				ORGANIZATIONNAME = "Ruan Reis";
				TargetAttributes = {
					15E588642441421100E8576F = {
						CreatedOnToolsVersion = 11.4;
					};
					15E5887A2441421200E8576F = {
						CreatedOnToolsVersion = 11.4;
						TestTargetID = 15E588642441421100E8576F;
					};
				};
			};
			buildConfigurationList = 15E588602441421100E8576F /* Build configuration list for PBXProject "TMDB" */;
			compatibilityVersion = "Xcode 9.3";
			developmentRegion = en;
			hasScannedForEncodings = 0;
			knownRegions = (
				en,
				Base,
				"pt-BR",
			);
			mainGroup = 15E5885C2441421100E8576F;
			productRefGroup = 15E588662441421100E8576F /* Products */;
			projectDirPath = "";
			projectRoot = "";
			targets = (
				15E588642441421100E8576F /* TMDB */,
				15E5887A2441421200E8576F /* TMDBTests */,
			);
		};
/* End PBXProject section */

/* Begin PBXResourcesBuildPhase section */
		15E588632441421100E8576F /* Resources */ = {
			isa = PBXResourcesBuildPhase;
			buildActionMask = 2147483647;
			files = (
				15E588752441421200E8576F /* LaunchScreen.storyboard in Resources */,
				15DA06D8247CCC53000DFE3E /* Localizable.strings in Resources */,
				15E588722441421200E8576F /* Assets.xcassets in Resources */,
				15E588702441421100E8576F /* Main.storyboard in Resources */,
			);
			runOnlyForDeploymentPostprocessing = 0;
		};
		15E588792441421200E8576F /* Resources */ = {
			isa = PBXResourcesBuildPhase;
			buildActionMask = 2147483647;
			files = (
			);
			runOnlyForDeploymentPostprocessing = 0;
		};
/* End PBXResourcesBuildPhase section */

/* Begin PBXShellScriptBuildPhase section */
		15E5888F2441465400E8576F /* R.swift Script */ = {
			isa = PBXShellScriptBuildPhase;
			buildActionMask = 2147483647;
			files = (
			);
			inputFileListPaths = (
			);
			inputPaths = (
				"$TEMP_DIR/rswift-lastrun",
			);
			name = "R.swift Script";
			outputFileListPaths = (
			);
			outputPaths = (
				$SRCROOT/TMDB/Resources/R.generated.swift,
			);
			runOnlyForDeploymentPostprocessing = 0;
			shellPath = /bin/sh;
			shellScript = "\"$PODS_ROOT/R.swift/rswift\" generate \"$SRCROOT/TMDB/Resources/R.generated.swift\"\n";
		};
		15E588902441493400E8576F /* Swift Lint Script */ = {
			isa = PBXShellScriptBuildPhase;
			buildActionMask = 2147483647;
			files = (
			);
			inputFileListPaths = (
			);
			inputPaths = (
			);
			name = "Swift Lint Script";
			outputFileListPaths = (
			);
			outputPaths = (
			);
			runOnlyForDeploymentPostprocessing = 0;
			shellPath = /bin/sh;
			shellScript = "\"${PODS_ROOT}/SwiftLint/swiftlint\"\n";
		};
		430460FBC65F0638B3C82334 /* [CP] Check Pods Manifest.lock */ = {
			isa = PBXShellScriptBuildPhase;
			buildActionMask = 2147483647;
			files = (
			);
			inputFileListPaths = (
			);
			inputPaths = (
				"${PODS_PODFILE_DIR_PATH}/Podfile.lock",
				"${PODS_ROOT}/Manifest.lock",
			);
			name = "[CP] Check Pods Manifest.lock";
			outputFileListPaths = (
			);
			outputPaths = (
				"$(DERIVED_FILE_DIR)/Pods-TMDB-checkManifestLockResult.txt",
			);
			runOnlyForDeploymentPostprocessing = 0;
			shellPath = /bin/sh;
			shellScript = "diff \"${PODS_PODFILE_DIR_PATH}/Podfile.lock\" \"${PODS_ROOT}/Manifest.lock\" > /dev/null\nif [ $? != 0 ] ; then\n    # print error to STDERR\n    echo \"error: The sandbox is not in sync with the Podfile.lock. Run 'pod install' or update your CocoaPods installation.\" >&2\n    exit 1\nfi\n# This output is used by Xcode 'outputs' to avoid re-running this script phase.\necho \"SUCCESS\" > \"${SCRIPT_OUTPUT_FILE_0}\"\n";
			showEnvVarsInLog = 0;
		};
		5F0C3AC9FC0CF08AA0AA041E /* [CP] Check Pods Manifest.lock */ = {
			isa = PBXShellScriptBuildPhase;
			buildActionMask = 2147483647;
			files = (
			);
			inputFileListPaths = (
			);
			inputPaths = (
				"${PODS_PODFILE_DIR_PATH}/Podfile.lock",
				"${PODS_ROOT}/Manifest.lock",
			);
			name = "[CP] Check Pods Manifest.lock";
			outputFileListPaths = (
			);
			outputPaths = (
				"$(DERIVED_FILE_DIR)/Pods-TMDBTests-checkManifestLockResult.txt",
			);
			runOnlyForDeploymentPostprocessing = 0;
			shellPath = /bin/sh;
			shellScript = "diff \"${PODS_PODFILE_DIR_PATH}/Podfile.lock\" \"${PODS_ROOT}/Manifest.lock\" > /dev/null\nif [ $? != 0 ] ; then\n    # print error to STDERR\n    echo \"error: The sandbox is not in sync with the Podfile.lock. Run 'pod install' or update your CocoaPods installation.\" >&2\n    exit 1\nfi\n# This output is used by Xcode 'outputs' to avoid re-running this script phase.\necho \"SUCCESS\" > \"${SCRIPT_OUTPUT_FILE_0}\"\n";
			showEnvVarsInLog = 0;
		};
		FFF6FE947E734D436D47944B /* [CP] Embed Pods Frameworks */ = {
			isa = PBXShellScriptBuildPhase;
			buildActionMask = 2147483647;
			files = (
			);
			inputFileListPaths = (
				"${PODS_ROOT}/Target Support Files/Pods-TMDB/Pods-TMDB-frameworks-${CONFIGURATION}-input-files.xcfilelist",
			);
			name = "[CP] Embed Pods Frameworks";
			outputFileListPaths = (
				"${PODS_ROOT}/Target Support Files/Pods-TMDB/Pods-TMDB-frameworks-${CONFIGURATION}-output-files.xcfilelist",
			);
			runOnlyForDeploymentPostprocessing = 0;
			shellPath = /bin/sh;
			shellScript = "\"${PODS_ROOT}/Target Support Files/Pods-TMDB/Pods-TMDB-frameworks.sh\"\n";
			showEnvVarsInLog = 0;
		};
/* End PBXShellScriptBuildPhase section */

/* Begin PBXSourcesBuildPhase section */
		15E588612441421100E8576F /* Sources */ = {
			isa = PBXSourcesBuildPhase;
			buildActionMask = 2147483647;
			files = (
				15E5886D2441421100E8576F /* MovieListViewController.swift in Sources */,
				155564B224734FCD007863FE /* MovieCollectionViewCell.swift in Sources */,
				1562733D2474BD7F00656B5E /* MovieListBuilder.swift in Sources */,
				15FE19DE248571060016F830 /* Date+Extensions.swift in Sources */,
				15E2D34F2472F4AA001055FA /* SnakeCaseDecoder.swift in Sources */,
				158795AB248C7A21002B796C /* ScoreSorter.swift in Sources */,
				153A626C24789276009D42B6 /* UIColor+Extensions.swift in Sources */,
				156273372474BB6400656B5E /* MovieListInteractor.swift in Sources */,
				15E588692441421100E8576F /* AppDelegate.swift in Sources */,
				15DA06DD247D5669000DFE3E /* R+Extensions.swift in Sources */,
				15C58EEB247F458000E5958D /* MovieDetailsViewController.swift in Sources */,
				153A62682477455C009D42B6 /* Section.swift in Sources */,
				156273392474BC3500656B5E /* MovieListPresenter.swift in Sources */,
				157D53E42460FBE600CA72F9 /* Network.swift in Sources */,
				15F23BBE2489F17C00876772 /* Default.swift in Sources */,
				15F23BB52489DE4D00876772 /* UIScoreViewStyle.swift in Sources */,
				157D53DF2460F3E100CA72F9 /* MovieListWorker.swift in Sources */,
				15F23BBA2489E0C800876772 /* Yellow.swift in Sources */,
				15F23BBC2489E11600876772 /* Red.swift in Sources */,
				15E2D34A247229CB001055FA /* RequestData.swift in Sources */,
				158795A9248C75F1002B796C /* UIScoreView.swift in Sources */,
				157D53EC2461AB8F00CA72F9 /* MoviesListResponse.swift in Sources */,
				15FE19DC24856E560016F830 /* String+Extensions.swift in Sources */,
				153A626A2478538D009D42B6 /* UIViewController+Extensions.swift in Sources */,
				153A62632476E9A0009D42B6 /* MovieAPI.swift in Sources */,
				153A62662476EA16009D42B6 /* UIImageView+Extensions.swift in Sources */,
				15E5886B2441421100E8576F /* SceneDelegate.swift in Sources */,
				1562733B2474BC7C00656B5E /* MovieListRouter.swift in Sources */,
				15E588942441501500E8576F /* R.generated.swift in Sources */,
				15F23BB72489DFEB00876772 /* Green.swift in Sources */,
				157D53E9246106FB00CA72F9 /* Movie.swift in Sources */,
				15DA06D12479CD4B000DFE3E /* UICardView.swift in Sources */,
				15E2D34824720AED001055FA /* DefaultDecoder.swift in Sources */,
			);
			runOnlyForDeploymentPostprocessing = 0;
		};
		15E588772441421200E8576F /* Sources */ = {
			isa = PBXSourcesBuildPhase;
			buildActionMask = 2147483647;
			files = (
				15E588802441421200E8576F /* TMDBTests.swift in Sources */,
			);
			runOnlyForDeploymentPostprocessing = 0;
		};
/* End PBXSourcesBuildPhase section */

/* Begin PBXTargetDependency section */
		15E5887D2441421200E8576F /* PBXTargetDependency */ = {
			isa = PBXTargetDependency;
			target = 15E588642441421100E8576F /* TMDB */;
			targetProxy = 15E5887C2441421200E8576F /* PBXContainerItemProxy */;
		};
/* End PBXTargetDependency section */

/* Begin PBXVariantGroup section */
		15DA06DA247CCC53000DFE3E /* Localizable.strings */ = {
			isa = PBXVariantGroup;
			children = (
				15DA06D9247CCC53000DFE3E /* en */,
				15DA06DB247CCC77000DFE3E /* pt-BR */,
			);
			name = Localizable.strings;
			sourceTree = "<group>";
		};
		15E5886E2441421100E8576F /* Main.storyboard */ = {
			isa = PBXVariantGroup;
			children = (
				15E5886F2441421100E8576F /* Base */,
			);
			name = Main.storyboard;
			sourceTree = "<group>";
		};
		15E588732441421200E8576F /* LaunchScreen.storyboard */ = {
			isa = PBXVariantGroup;
			children = (
				15E588742441421200E8576F /* Base */,
			);
			name = LaunchScreen.storyboard;
			sourceTree = "<group>";
		};
/* End PBXVariantGroup section */

/* Begin XCBuildConfiguration section */
		15E588822441421200E8576F /* Debug */ = {
			isa = XCBuildConfiguration;
			buildSettings = {
				ALWAYS_SEARCH_USER_PATHS = NO;
				CLANG_ANALYZER_LOCALIZABILITY_NONLOCALIZED = YES;
				CLANG_ANALYZER_NONNULL = YES;
				CLANG_ANALYZER_NUMBER_OBJECT_CONVERSION = YES_AGGRESSIVE;
				CLANG_CXX_LANGUAGE_STANDARD = "gnu++14";
				CLANG_CXX_LIBRARY = "libc++";
				CLANG_ENABLE_MODULES = YES;
				CLANG_ENABLE_OBJC_ARC = YES;
				CLANG_ENABLE_OBJC_WEAK = YES;
				CLANG_WARN_BLOCK_CAPTURE_AUTORELEASING = YES;
				CLANG_WARN_BOOL_CONVERSION = YES;
				CLANG_WARN_COMMA = YES;
				CLANG_WARN_CONSTANT_CONVERSION = YES;
				CLANG_WARN_DEPRECATED_OBJC_IMPLEMENTATIONS = YES;
				CLANG_WARN_DIRECT_OBJC_ISA_USAGE = YES_ERROR;
				CLANG_WARN_DOCUMENTATION_COMMENTS = YES;
				CLANG_WARN_EMPTY_BODY = YES;
				CLANG_WARN_ENUM_CONVERSION = YES;
				CLANG_WARN_INFINITE_RECURSION = YES;
				CLANG_WARN_INT_CONVERSION = YES;
				CLANG_WARN_NON_LITERAL_NULL_CONVERSION = YES;
				CLANG_WARN_OBJC_IMPLICIT_RETAIN_SELF = YES;
				CLANG_WARN_OBJC_LITERAL_CONVERSION = YES;
				CLANG_WARN_OBJC_ROOT_CLASS = YES_ERROR;
				CLANG_WARN_RANGE_LOOP_ANALYSIS = YES;
				CLANG_WARN_STRICT_PROTOTYPES = YES;
				CLANG_WARN_SUSPICIOUS_MOVE = YES;
				CLANG_WARN_UNGUARDED_AVAILABILITY = YES_AGGRESSIVE;
				CLANG_WARN_UNREACHABLE_CODE = YES;
				CLANG_WARN__DUPLICATE_METHOD_MATCH = YES;
				COPY_PHASE_STRIP = NO;
				DEBUG_INFORMATION_FORMAT = dwarf;
				ENABLE_STRICT_OBJC_MSGSEND = YES;
				ENABLE_TESTABILITY = YES;
				GCC_C_LANGUAGE_STANDARD = gnu11;
				GCC_DYNAMIC_NO_PIC = NO;
				GCC_NO_COMMON_BLOCKS = YES;
				GCC_OPTIMIZATION_LEVEL = 0;
				GCC_PREPROCESSOR_DEFINITIONS = (
					"DEBUG=1",
					"$(inherited)",
				);
				GCC_WARN_64_TO_32_BIT_CONVERSION = YES;
				GCC_WARN_ABOUT_RETURN_TYPE = YES_ERROR;
				GCC_WARN_UNDECLARED_SELECTOR = YES;
				GCC_WARN_UNINITIALIZED_AUTOS = YES_AGGRESSIVE;
				GCC_WARN_UNUSED_FUNCTION = YES;
				GCC_WARN_UNUSED_VARIABLE = YES;
				IPHONEOS_DEPLOYMENT_TARGET = 13.4;
				MTL_ENABLE_DEBUG_INFO = INCLUDE_SOURCE;
				MTL_FAST_MATH = YES;
				ONLY_ACTIVE_ARCH = YES;
				SDKROOT = iphoneos;
				SWIFT_ACTIVE_COMPILATION_CONDITIONS = DEBUG;
				SWIFT_OPTIMIZATION_LEVEL = "-Onone";
			};
			name = Debug;
		};
		15E588832441421200E8576F /* Release */ = {
			isa = XCBuildConfiguration;
			buildSettings = {
				ALWAYS_SEARCH_USER_PATHS = NO;
				CLANG_ANALYZER_LOCALIZABILITY_NONLOCALIZED = YES;
				CLANG_ANALYZER_NONNULL = YES;
				CLANG_ANALYZER_NUMBER_OBJECT_CONVERSION = YES_AGGRESSIVE;
				CLANG_CXX_LANGUAGE_STANDARD = "gnu++14";
				CLANG_CXX_LIBRARY = "libc++";
				CLANG_ENABLE_MODULES = YES;
				CLANG_ENABLE_OBJC_ARC = YES;
				CLANG_ENABLE_OBJC_WEAK = YES;
				CLANG_WARN_BLOCK_CAPTURE_AUTORELEASING = YES;
				CLANG_WARN_BOOL_CONVERSION = YES;
				CLANG_WARN_COMMA = YES;
				CLANG_WARN_CONSTANT_CONVERSION = YES;
				CLANG_WARN_DEPRECATED_OBJC_IMPLEMENTATIONS = YES;
				CLANG_WARN_DIRECT_OBJC_ISA_USAGE = YES_ERROR;
				CLANG_WARN_DOCUMENTATION_COMMENTS = YES;
				CLANG_WARN_EMPTY_BODY = YES;
				CLANG_WARN_ENUM_CONVERSION = YES;
				CLANG_WARN_INFINITE_RECURSION = YES;
				CLANG_WARN_INT_CONVERSION = YES;
				CLANG_WARN_NON_LITERAL_NULL_CONVERSION = YES;
				CLANG_WARN_OBJC_IMPLICIT_RETAIN_SELF = YES;
				CLANG_WARN_OBJC_LITERAL_CONVERSION = YES;
				CLANG_WARN_OBJC_ROOT_CLASS = YES_ERROR;
				CLANG_WARN_RANGE_LOOP_ANALYSIS = YES;
				CLANG_WARN_STRICT_PROTOTYPES = YES;
				CLANG_WARN_SUSPICIOUS_MOVE = YES;
				CLANG_WARN_UNGUARDED_AVAILABILITY = YES_AGGRESSIVE;
				CLANG_WARN_UNREACHABLE_CODE = YES;
				CLANG_WARN__DUPLICATE_METHOD_MATCH = YES;
				COPY_PHASE_STRIP = NO;
				DEBUG_INFORMATION_FORMAT = "dwarf-with-dsym";
				ENABLE_NS_ASSERTIONS = NO;
				ENABLE_STRICT_OBJC_MSGSEND = YES;
				GCC_C_LANGUAGE_STANDARD = gnu11;
				GCC_NO_COMMON_BLOCKS = YES;
				GCC_WARN_64_TO_32_BIT_CONVERSION = YES;
				GCC_WARN_ABOUT_RETURN_TYPE = YES_ERROR;
				GCC_WARN_UNDECLARED_SELECTOR = YES;
				GCC_WARN_UNINITIALIZED_AUTOS = YES_AGGRESSIVE;
				GCC_WARN_UNUSED_FUNCTION = YES;
				GCC_WARN_UNUSED_VARIABLE = YES;
				IPHONEOS_DEPLOYMENT_TARGET = 13.4;
				MTL_ENABLE_DEBUG_INFO = NO;
				MTL_FAST_MATH = YES;
				SDKROOT = iphoneos;
				SWIFT_COMPILATION_MODE = wholemodule;
				SWIFT_OPTIMIZATION_LEVEL = "-O";
				VALIDATE_PRODUCT = YES;
			};
			name = Release;
		};
		15E588852441421200E8576F /* Debug */ = {
			isa = XCBuildConfiguration;
			baseConfigurationReference = 165FBF11E00408854C11A2A3 /* Pods-TMDB.debug.xcconfig */;
			buildSettings = {
				ASSETCATALOG_COMPILER_APPICON_NAME = AppIcon;
				CODE_SIGN_STYLE = Automatic;
				DEVELOPMENT_TEAM = 26L9TQEMQ3;
				INFOPLIST_FILE = "$(SRCROOT)/TMDB/SupportFiles/Info.plist";
				LD_RUNPATH_SEARCH_PATHS = (
					"$(inherited)",
					"@executable_path/Frameworks",
				);
				PRODUCT_BUNDLE_IDENTIFIER = com.ruanvictorreis.TMDB;
				PRODUCT_NAME = "$(TARGET_NAME)";
				SWIFT_VERSION = 5.0;
				TARGETED_DEVICE_FAMILY = "1,2";
			};
			name = Debug;
		};
		15E588862441421200E8576F /* Release */ = {
			isa = XCBuildConfiguration;
			baseConfigurationReference = C1A10E70A36C07EAD7985E08 /* Pods-TMDB.release.xcconfig */;
			buildSettings = {
				ASSETCATALOG_COMPILER_APPICON_NAME = AppIcon;
				CODE_SIGN_STYLE = Automatic;
				DEVELOPMENT_TEAM = 26L9TQEMQ3;
				INFOPLIST_FILE = "$(SRCROOT)/TMDB/SupportFiles/Info.plist";
				LD_RUNPATH_SEARCH_PATHS = (
					"$(inherited)",
					"@executable_path/Frameworks",
				);
				PRODUCT_BUNDLE_IDENTIFIER = com.ruanvictorreis.TMDB;
				PRODUCT_NAME = "$(TARGET_NAME)";
				SWIFT_VERSION = 5.0;
				TARGETED_DEVICE_FAMILY = "1,2";
			};
			name = Release;
		};
		15E588882441421200E8576F /* Debug */ = {
			isa = XCBuildConfiguration;
			baseConfigurationReference = CED0CF1AB7B75CAFFD116C1E /* Pods-TMDBTests.debug.xcconfig */;
			buildSettings = {
				ALWAYS_EMBED_SWIFT_STANDARD_LIBRARIES = YES;
				BUNDLE_LOADER = "$(TEST_HOST)";
				CODE_SIGN_STYLE = Automatic;
				DEVELOPMENT_TEAM = 26L9TQEMQ3;
				INFOPLIST_FILE = TMDBTests/Info.plist;
				IPHONEOS_DEPLOYMENT_TARGET = 13.4;
				LD_RUNPATH_SEARCH_PATHS = (
					"$(inherited)",
					"@executable_path/Frameworks",
					"@loader_path/Frameworks",
				);
				PRODUCT_BUNDLE_IDENTIFIER = com.ruanvictorreis.TMDBTests;
				PRODUCT_NAME = "$(TARGET_NAME)";
				SWIFT_VERSION = 5.0;
				TARGETED_DEVICE_FAMILY = "1,2";
				TEST_HOST = "$(BUILT_PRODUCTS_DIR)/TMDB.app/TMDB";
			};
			name = Debug;
		};
		15E588892441421200E8576F /* Release */ = {
			isa = XCBuildConfiguration;
			baseConfigurationReference = F230AB00C5C94B0709BB91B0 /* Pods-TMDBTests.release.xcconfig */;
			buildSettings = {
				ALWAYS_EMBED_SWIFT_STANDARD_LIBRARIES = YES;
				BUNDLE_LOADER = "$(TEST_HOST)";
				CODE_SIGN_STYLE = Automatic;
				DEVELOPMENT_TEAM = 26L9TQEMQ3;
				INFOPLIST_FILE = TMDBTests/Info.plist;
				IPHONEOS_DEPLOYMENT_TARGET = 13.4;
				LD_RUNPATH_SEARCH_PATHS = (
					"$(inherited)",
					"@executable_path/Frameworks",
					"@loader_path/Frameworks",
				);
				PRODUCT_BUNDLE_IDENTIFIER = com.ruanvictorreis.TMDBTests;
				PRODUCT_NAME = "$(TARGET_NAME)";
				SWIFT_VERSION = 5.0;
				TARGETED_DEVICE_FAMILY = "1,2";
				TEST_HOST = "$(BUILT_PRODUCTS_DIR)/TMDB.app/TMDB";
			};
			name = Release;
		};
/* End XCBuildConfiguration section */

/* Begin XCConfigurationList section */
		15E588602441421100E8576F /* Build configuration list for PBXProject "TMDB" */ = {
			isa = XCConfigurationList;
			buildConfigurations = (
				15E588822441421200E8576F /* Debug */,
				15E588832441421200E8576F /* Release */,
			);
			defaultConfigurationIsVisible = 0;
			defaultConfigurationName = Release;
		};
		15E588842441421200E8576F /* Build configuration list for PBXNativeTarget "TMDB" */ = {
			isa = XCConfigurationList;
			buildConfigurations = (
				15E588852441421200E8576F /* Debug */,
				15E588862441421200E8576F /* Release */,
			);
			defaultConfigurationIsVisible = 0;
			defaultConfigurationName = Release;
		};
		15E588872441421200E8576F /* Build configuration list for PBXNativeTarget "TMDBTests" */ = {
			isa = XCConfigurationList;
			buildConfigurations = (
				15E588882441421200E8576F /* Debug */,
				15E588892441421200E8576F /* Release */,
			);
			defaultConfigurationIsVisible = 0;
			defaultConfigurationName = Release;
		};
/* End XCConfigurationList section */
	};
	rootObject = 15E5885D2441421100E8576F /* Project object */;
}
