PODS:
  - Alamofire (5.1.0)
  - KIF (3.7.9):
    - KIF/Core (= 3.7.9)
  - KIF/Core (3.7.9)
  - Kingfisher (5.14.1):
    - Kingfisher/Core (= 5.14.1)
  - Kingfisher/Core (5.14.1)
  - Nimble (8.1.1)
  - Quick (3.0.0)
  - R.swift (5.1.0):
    - R.swift.Library (~> 5.1.0)
  - R.swift.Library (5.1.0)
  - RxSwift (5.1.1)
  - SwiftLint (0.39.2)

DEPENDENCIES:
  - Alamofire (~> 5.1)
  - KIF
  - Kingfisher (= 5.14.1)
  - Nimble (= 8.1.1)
  - Quick (= 3.0.0)
  - R.swift (~> 5.1.0)
  - RxSwift (~> 5.0)
  - SwiftLint (~> 0.39.2)

SPEC REPOS:
  trunk:
    - Alamofire
    - KIF
    - Kingfisher
    - Nimble
    - Quick
    - R.swift
    - R.swift.Library
    - RxSwift
    - SwiftLint

SPEC CHECKSUMS:
  Alamofire: 9d5c5f602928e512395b30950c5984eca840093c
  KIF: 350f96fb4205972a10e4c1a45774d48b2d8482d8
  Kingfisher: 8050bc6f7f68cbf3908bd04df7ccbac188f6d6d6
  Nimble: 5f8a2fb6fa343a7242dfdd9d42f7267419d464b2
  Quick: 6d9559f40647bc4d510103842ef2fdd882d753e2
  R.swift: 8cbc4fc69b740305b6a17c8a8ed968eb788962d9
  R.swift.Library: fa85ce1e0d0b7e818cd9e080df910ba54d2776cc
  RxSwift: 81470a2074fa8780320ea5fe4102807cb7118178
  SwiftLint: 22ccbbe3b8008684be5955693bab135e0ed6a447

PODFILE CHECKSUM: b487236b1f5778b1a5785d047f5c13f456d1846d

COCOAPODS: 1.9.3
